
Microsoft Visual Studio Solution File, Format Version 12.00
# Visual Studio Version 16
VisualStudioVersion = 16.0.31005.135
MinimumVisualStudioVersion = 10.0.40219.1
Project("{FAE04EC0-301F-11D3-BF4B-00C04F79EFBC}") = "Simplify", "Simplify\Simplify.csproj", "{D7E7543A-6CD5-41CA-8CB4-038A11DE4E5B}"
EndProject
Project("{FAE04EC0-301F-11D3-BF4B-00C04F79EFBC}") = "TextSummarize", "..\..\..\Downloads\TextSummarizer-master\TextSummarizer-master\TextSummarize\TextSummarize.csproj", "{94C43C23-7D66-4657-A67F-34335223B190}"
EndProject
Project("{FAE04EC0-301F-11D3-BF4B-00C04F79EFBC}") = "TextRank", "..\..\..\Downloads\TextSummarizer-master\TextSummarizer-master\TextRank\TextRank.csproj", "{223D7B57-1366-4CE6-B09B-8973C40D66C3}"
EndProject
Project("{FAE04EC0-301F-11D3-BF4B-00C04F79EFBC}") = "PageRank", "..\..\..\Downloads\TextSummarizer-master\TextSummarizer-master\PageRank\PageRank.csproj", "{309FDCCF-C71C-4580-A6AD-44A692D89E6C}"
EndProject
Global
	GlobalSection(SolutionConfigurationPlatforms) = preSolution
		Debug|Any CPU = Debug|Any CPU
		Debug|x64 = Debug|x64
		Release|Any CPU = Release|Any CPU
		Release|x64 = Release|x64
	EndGlobalSection
	GlobalSection(ProjectConfigurationPlatforms) = postSolution
		{D7E7543A-6CD5-41CA-8CB4-038A11DE4E5B}.Debug|Any CPU.ActiveCfg = Debug|Any CPU
		{D7E7543A-6CD5-41CA-8CB4-038A11DE4E5B}.Debug|Any CPU.Build.0 = Debug|Any CPU
		{D7E7543A-6CD5-41CA-8CB4-038A11DE4E5B}.Debug|x64.ActiveCfg = Debug|x64
		{D7E7543A-6CD5-41CA-8CB4-038A11DE4E5B}.Debug|x64.Build.0 = Debug|x64
		{D7E7543A-6CD5-41CA-8CB4-038A11DE4E5B}.Release|Any CPU.ActiveCfg = Release|Any CPU
		{D7E7543A-6CD5-41CA-8CB4-038A11DE4E5B}.Release|Any CPU.Build.0 = Release|Any CPU
		{D7E7543A-6CD5-41CA-8CB4-038A11DE4E5B}.Release|x64.ActiveCfg = Release|x64
		{D7E7543A-6CD5-41CA-8CB4-038A11DE4E5B}.Release|x64.Build.0 = Release|x64
		{94C43C23-7D66-4657-A67F-34335223B190}.Debug|Any CPU.ActiveCfg = Debug|Any CPU
		{94C43C23-7D66-4657-A67F-34335223B190}.Debug|Any CPU.Build.0 = Debug|Any CPU
		{94C43C23-7D66-4657-A67F-34335223B190}.Debug|x64.ActiveCfg = Debug|Any CPU
		{94C43C23-7D66-4657-A67F-34335223B190}.Debug|x64.Build.0 = Debug|Any CPU
		{94C43C23-7D66-4657-A67F-34335223B190}.Release|Any CPU.ActiveCfg = Release|Any CPU
		{94C43C23-7D66-4657-A67F-34335223B190}.Release|Any CPU.Build.0 = Release|Any CPU
		{94C43C23-7D66-4657-A67F-34335223B190}.Release|x64.ActiveCfg = Release|Any CPU
		{94C43C23-7D66-4657-A67F-34335223B190}.Release|x64.Build.0 = Release|Any CPU
		{223D7B57-1366-4CE6-B09B-8973C40D66C3}.Debug|Any CPU.ActiveCfg = Debug|Any CPU
		{223D7B57-1366-4CE6-B09B-8973C40D66C3}.Debug|Any CPU.Build.0 = Debug|Any CPU
		{223D7B57-1366-4CE6-B09B-8973C40D66C3}.Debug|x64.ActiveCfg = Debug|Any CPU
		{223D7B57-1366-4CE6-B09B-8973C40D66C3}.Debug|x64.Build.0 = Debug|Any CPU
		{223D7B57-1366-4CE6-B09B-8973C40D66C3}.Release|Any CPU.ActiveCfg = Release|Any CPU
		{223D7B57-1366-4CE6-B09B-8973C40D66C3}.Release|Any CPU.Build.0 = Release|Any CPU
		{223D7B57-1366-4CE6-B09B-8973C40D66C3}.Release|x64.ActiveCfg = Release|Any CPU
		{223D7B57-1366-4CE6-B09B-8973C40D66C3}.Release|x64.Build.0 = Release|Any CPU
		{309FDCCF-C71C-4580-A6AD-44A692D89E6C}.Debug|Any CPU.ActiveCfg = Debug|Any CPU
		{309FDCCF-C71C-4580-A6AD-44A692D89E6C}.Debug|Any CPU.Build.0 = Debug|Any CPU
		{309FDCCF-C71C-4580-A6AD-44A692D89E6C}.Debug|x64.ActiveCfg = Debug|Any CPU
		{309FDCCF-C71C-4580-A6AD-44A692D89E6C}.Debug|x64.Build.0 = Debug|Any CPU
		{309FDCCF-C71C-4580-A6AD-44A692D89E6C}.Release|Any CPU.ActiveCfg = Release|Any CPU
		{309FDCCF-C71C-4580-A6AD-44A692D89E6C}.Release|Any CPU.Build.0 = Release|Any CPU
		{309FDCCF-C71C-4580-A6AD-44A692D89E6C}.Release|x64.ActiveCfg = Release|Any CPU
		{309FDCCF-C71C-4580-A6AD-44A692D89E6C}.Release|x64.Build.0 = Release|Any CPU
	EndGlobalSection
	GlobalSection(SolutionProperties) = preSolution
		HideSolutionNode = FALSE
	EndGlobalSection
	GlobalSection(ExtensibilityGlobals) = postSolution
		SolutionGuid = {568EE97C-C754-4A41-B848-1C98F834CF60}
	EndGlobalSection
EndGlobal
